
Microsoft Visual Studio Solution File, Format Version 12.00
# Visual Studio Version 17
VisualStudioVersion = 17.8.34525.116
MinimumVisualStudioVersion = 10.0.40219.1
Project("{2150E333-8FDC-42A3-9474-1A3956D46DE8}") = "src", "src", "{523D0650-4934-40EA-A16D-5918F13889B1}"
EndProject
Project("{2150E333-8FDC-42A3-9474-1A3956D46DE8}") = "Solution Items", "Solution Items", "{F5788C0E-2F20-4B2C-9756-BFB27150A352}"
	ProjectSection(SolutionItems) = preProject
		ServiceUrls.txt = ServiceUrls.txt
	EndProjectSection
EndProject
Project("{2150E333-8FDC-42A3-9474-1A3956D46DE8}") = "ApiGateways", "ApiGateways", "{9B445B7B-0BB6-4F2A-ACAD-1EEF8A570A5B}"
EndProject
Project("{2150E333-8FDC-42A3-9474-1A3956D46DE8}") = "BuildingBlocks", "BuildingBlocks", "{A693257E-5859-40BF-BC47-6DD73E51882D}"
EndProject
Project("{2150E333-8FDC-42A3-9474-1A3956D46DE8}") = "Services", "Services", "{DD023766-3049-4659-93AE-247A425396A1}"
EndProject
Project("{2150E333-8FDC-42A3-9474-1A3956D46DE8}") = "Clients", "Clients", "{268E17E3-EBE3-42F5-87B0-C4196F23356E}"
EndProject
Project("{2150E333-8FDC-42A3-9474-1A3956D46DE8}") = "WebApiGateway", "WebApiGateway", "{1FA4C39C-E07B-4576-80DA-B1E427FAA7F9}"
EndProject
Project("{9A19103F-16F7-4668-BE54-9A1E7A4F7556}") = "Web.ApiGateway", "src\ApiGateways\WebApiGateway\Web.ApiGateway\Web.ApiGateway.csproj", "{49CA812B-A6B5-4337-8013-69F00B319278}"
EndProject
Project("{2150E333-8FDC-42A3-9474-1A3956D46DE8}") = "EventBus", "EventBus", "{AFBB3018-C326-423C-BF58-81DEAAB35B6D}"
EndProject
Project("{9A19103F-16F7-4668-BE54-9A1E7A4F7556}") = "EventBus.Base", "src\BuildingBlocks\EventBus\EventBus.Base\EventBus.Base.csproj", "{8536842C-44ED-4E47-A843-DF06E3F2FB13}"
EndProject
Project("{9A19103F-16F7-4668-BE54-9A1E7A4F7556}") = "EventBus.Factory", "src\BuildingBlocks\EventBus\EventBus.Factory\EventBus.Factory.csproj", "{F2FB5313-2601-4837-A7E2-0067C36A512F}"
EndProject
Project("{9A19103F-16F7-4668-BE54-9A1E7A4F7556}") = "EventBus.AzureServiceBus", "src\BuildingBlocks\EventBus\EventBus.AzureServiceBus\EventBus.AzureServiceBus.csproj", "{7B878821-5317-4D0D-8A06-E122A542FB96}"
EndProject
Project("{9A19103F-16F7-4668-BE54-9A1E7A4F7556}") = "EventBus.RabbitMQ", "src\BuildingBlocks\EventBus\EventBus.RabbitMQ\EventBus.RabbitMQ.csproj", "{4CB2B676-A043-420C-BC7A-1958AE634E83}"
EndProject
Project("{2150E333-8FDC-42A3-9474-1A3956D46DE8}") = "BasketService", "BasketService", "{32728161-84A0-49B5-A5DB-9F0A3C0B5DC0}"
EndProject
Project("{9A19103F-16F7-4668-BE54-9A1E7A4F7556}") = "BasketService.Api", "src\Services\BasketService\BasketService.Api\BasketService.Api.csproj", "{22DCF27E-8854-4FD3-B48A-A2C35D7E9D12}"
EndProject
Project("{2150E333-8FDC-42A3-9474-1A3956D46DE8}") = "CatalogService", "CatalogService", "{FE685110-DE6F-4347-8865-5B5F52EE229F}"
EndProject
Project("{2150E333-8FDC-42A3-9474-1A3956D46DE8}") = "IdentyService", "IdentyService", "{675C4B8A-01A7-4A70-B88B-68A7D617398B}"
EndProject
Project("{2150E333-8FDC-42A3-9474-1A3956D46DE8}") = "NotificationService", "NotificationService", "{6584DB38-6FB8-4F45-8742-C3A35EA08085}"
EndProject
Project("{9A19103F-16F7-4668-BE54-9A1E7A4F7556}") = "CatalogService.Api", "src\Services\CatalogService\CatalogService.Api\CatalogService.Api.csproj", "{B9880EDB-26CE-42CE-97F9-16684DA0FF80}"
EndProject
Project("{9A19103F-16F7-4668-BE54-9A1E7A4F7556}") = "IdentyService.Api", "src\Services\IdentyService\IdentyService.Api\IdentyService.Api.csproj", "{3F97E058-02EB-4F6B-9549-20B40837E425}"
EndProject
Project("{9A19103F-16F7-4668-BE54-9A1E7A4F7556}") = "NotificationService", "src\Services\NotificationService\NotificationService\NotificationService.csproj", "{87C19780-8598-480E-B4CC-AA68E93E367B}"
EndProject
Project("{2150E333-8FDC-42A3-9474-1A3956D46DE8}") = "OrderService", "OrderService", "{2942688D-5F91-44E1-8730-2C30C45EBA0C}"
EndProject
Project("{9A19103F-16F7-4668-BE54-9A1E7A4F7556}") = "OrderService.Domain", "src\Services\OrderService\OrderService.Domain\OrderService.Domain.csproj", "{0D839E06-D482-420C-98A5-8CC2167C9075}"
EndProject
Project("{9A19103F-16F7-4668-BE54-9A1E7A4F7556}") = "OrderService.Application", "src\Services\OrderService\OrderService.Application\OrderService.Application.csproj", "{6FBF88C7-A93A-4AA3-A380-34F8BBC74E5D}"
EndProject
Project("{9A19103F-16F7-4668-BE54-9A1E7A4F7556}") = "OrderService.Infrastructure", "src\Services\OrderService\OrderService.Infrastructure\OrderService.Infrastructure.csproj", "{7CEB84B4-10DF-44F0-8FA0-56ED0DDDB11E}"
EndProject
Project("{9A19103F-16F7-4668-BE54-9A1E7A4F7556}") = "OrderService.Api", "src\Services\OrderService\OrderService.Api\OrderService.Api.csproj", "{E6DEC223-D998-4337-B8F9-BF6B629AE011}"
EndProject
Project("{2150E333-8FDC-42A3-9474-1A3956D46DE8}") = "PaymentService", "PaymentService", "{A2B91846-AD60-4CA3-9FFB-E449CADB2D41}"
EndProject
Project("{FAE04EC0-301F-11D3-BF4B-00C04F79EFBC}") = "PaymentService.Api", "src\Services\PaymentService\PaymentService.Api\PaymentService.Api.csproj", "{DEA7B3F4-01D6-417A-9595-30F82173A90A}"
EndProject
Project("{2150E333-8FDC-42A3-9474-1A3956D46DE8}") = "BlazorWebApp", "BlazorWebApp", "{E1591FD8-B0A6-4E29-903E-AC83CA849117}"
EndProject
Project("{FAE04EC0-301F-11D3-BF4B-00C04F79EFBC}") = "WebApp", "src\Clients\BlazorWebApp\WebApp\WebApp.csproj", "{1A0284BD-3FC0-412A-AFF1-BD977F4D6DAF}"
EndProject
Project("{2150E333-8FDC-42A3-9474-1A3956D46DE8}") = "tests", "tests", "{D0E4AF05-32DD-4BF9-AE2A-0FEDCAE4E9EA}"
EndProject
Project("{2150E333-8FDC-42A3-9474-1A3956D46DE8}") = "BuildingBlocks", "BuildingBlocks", "{D57DEAFA-94E0-43FA-88B8-798A953A9410}"
EndProject
Project("{FAE04EC0-301F-11D3-BF4B-00C04F79EFBC}") = "EventBus.Test", "tests\BuildingBlocks\EventBus.Test\EventBus.Test.csproj", "{BC5D27EB-4ADC-400D-9B76-5F547DF118E3}"
EndProject
Global
	GlobalSection(SolutionConfigurationPlatforms) = preSolution
		Debug|Any CPU = Debug|Any CPU
		Release|Any CPU = Release|Any CPU
	EndGlobalSection
	GlobalSection(ProjectConfigurationPlatforms) = postSolution
		{49CA812B-A6B5-4337-8013-69F00B319278}.Debug|Any CPU.ActiveCfg = Debug|Any CPU
		{49CA812B-A6B5-4337-8013-69F00B319278}.Debug|Any CPU.Build.0 = Debug|Any CPU
		{49CA812B-A6B5-4337-8013-69F00B319278}.Release|Any CPU.ActiveCfg = Release|Any CPU
		{49CA812B-A6B5-4337-8013-69F00B319278}.Release|Any CPU.Build.0 = Release|Any CPU
		{8536842C-44ED-4E47-A843-DF06E3F2FB13}.Debug|Any CPU.ActiveCfg = Debug|Any CPU
		{8536842C-44ED-4E47-A843-DF06E3F2FB13}.Debug|Any CPU.Build.0 = Debug|Any CPU
		{8536842C-44ED-4E47-A843-DF06E3F2FB13}.Release|Any CPU.ActiveCfg = Release|Any CPU
		{8536842C-44ED-4E47-A843-DF06E3F2FB13}.Release|Any CPU.Build.0 = Release|Any CPU
		{F2FB5313-2601-4837-A7E2-0067C36A512F}.Debug|Any CPU.ActiveCfg = Debug|Any CPU
		{F2FB5313-2601-4837-A7E2-0067C36A512F}.Debug|Any CPU.Build.0 = Debug|Any CPU
		{F2FB5313-2601-4837-A7E2-0067C36A512F}.Release|Any CPU.ActiveCfg = Release|Any CPU
		{F2FB5313-2601-4837-A7E2-0067C36A512F}.Release|Any CPU.Build.0 = Release|Any CPU
		{7B878821-5317-4D0D-8A06-E122A542FB96}.Debug|Any CPU.ActiveCfg = Debug|Any CPU
		{7B878821-5317-4D0D-8A06-E122A542FB96}.Debug|Any CPU.Build.0 = Debug|Any CPU
		{7B878821-5317-4D0D-8A06-E122A542FB96}.Release|Any CPU.ActiveCfg = Release|Any CPU
		{7B878821-5317-4D0D-8A06-E122A542FB96}.Release|Any CPU.Build.0 = Release|Any CPU
		{4CB2B676-A043-420C-BC7A-1958AE634E83}.Debug|Any CPU.ActiveCfg = Debug|Any CPU
		{4CB2B676-A043-420C-BC7A-1958AE634E83}.Debug|Any CPU.Build.0 = Debug|Any CPU
		{4CB2B676-A043-420C-BC7A-1958AE634E83}.Release|Any CPU.ActiveCfg = Release|Any CPU
		{4CB2B676-A043-420C-BC7A-1958AE634E83}.Release|Any CPU.Build.0 = Release|Any CPU
		{22DCF27E-8854-4FD3-B48A-A2C35D7E9D12}.Debug|Any CPU.ActiveCfg = Debug|Any CPU
		{22DCF27E-8854-4FD3-B48A-A2C35D7E9D12}.Debug|Any CPU.Build.0 = Debug|Any CPU
		{22DCF27E-8854-4FD3-B48A-A2C35D7E9D12}.Release|Any CPU.ActiveCfg = Release|Any CPU
		{22DCF27E-8854-4FD3-B48A-A2C35D7E9D12}.Release|Any CPU.Build.0 = Release|Any CPU
		{B9880EDB-26CE-42CE-97F9-16684DA0FF80}.Debug|Any CPU.ActiveCfg = Debug|Any CPU
		{B9880EDB-26CE-42CE-97F9-16684DA0FF80}.Debug|Any CPU.Build.0 = Debug|Any CPU
		{B9880EDB-26CE-42CE-97F9-16684DA0FF80}.Release|Any CPU.ActiveCfg = Release|Any CPU
		{B9880EDB-26CE-42CE-97F9-16684DA0FF80}.Release|Any CPU.Build.0 = Release|Any CPU
		{3F97E058-02EB-4F6B-9549-20B40837E425}.Debug|Any CPU.ActiveCfg = Debug|Any CPU
		{3F97E058-02EB-4F6B-9549-20B40837E425}.Debug|Any CPU.Build.0 = Debug|Any CPU
		{3F97E058-02EB-4F6B-9549-20B40837E425}.Release|Any CPU.ActiveCfg = Release|Any CPU
		{3F97E058-02EB-4F6B-9549-20B40837E425}.Release|Any CPU.Build.0 = Release|Any CPU
		{87C19780-8598-480E-B4CC-AA68E93E367B}.Debug|Any CPU.ActiveCfg = Debug|Any CPU
		{87C19780-8598-480E-B4CC-AA68E93E367B}.Debug|Any CPU.Build.0 = Debug|Any CPU
		{87C19780-8598-480E-B4CC-AA68E93E367B}.Release|Any CPU.ActiveCfg = Release|Any CPU
		{87C19780-8598-480E-B4CC-AA68E93E367B}.Release|Any CPU.Build.0 = Release|Any CPU
		{0D839E06-D482-420C-98A5-8CC2167C9075}.Debug|Any CPU.ActiveCfg = Debug|Any CPU
		{0D839E06-D482-420C-98A5-8CC2167C9075}.Debug|Any CPU.Build.0 = Debug|Any CPU
		{0D839E06-D482-420C-98A5-8CC2167C9075}.Release|Any CPU.ActiveCfg = Release|Any CPU
		{0D839E06-D482-420C-98A5-8CC2167C9075}.Release|Any CPU.Build.0 = Release|Any CPU
		{6FBF88C7-A93A-4AA3-A380-34F8BBC74E5D}.Debug|Any CPU.ActiveCfg = Debug|Any CPU
		{6FBF88C7-A93A-4AA3-A380-34F8BBC74E5D}.Debug|Any CPU.Build.0 = Debug|Any CPU
		{6FBF88C7-A93A-4AA3-A380-34F8BBC74E5D}.Release|Any CPU.ActiveCfg = Release|Any CPU
		{6FBF88C7-A93A-4AA3-A380-34F8BBC74E5D}.Release|Any CPU.Build.0 = Release|Any CPU
		{7CEB84B4-10DF-44F0-8FA0-56ED0DDDB11E}.Debug|Any CPU.ActiveCfg = Debug|Any CPU
		{7CEB84B4-10DF-44F0-8FA0-56ED0DDDB11E}.Debug|Any CPU.Build.0 = Debug|Any CPU
		{7CEB84B4-10DF-44F0-8FA0-56ED0DDDB11E}.Release|Any CPU.ActiveCfg = Release|Any CPU
		{7CEB84B4-10DF-44F0-8FA0-56ED0DDDB11E}.Release|Any CPU.Build.0 = Release|Any CPU
		{E6DEC223-D998-4337-B8F9-BF6B629AE011}.Debug|Any CPU.ActiveCfg = Debug|Any CPU
		{E6DEC223-D998-4337-B8F9-BF6B629AE011}.Debug|Any CPU.Build.0 = Debug|Any CPU
		{E6DEC223-D998-4337-B8F9-BF6B629AE011}.Release|Any CPU.ActiveCfg = Release|Any CPU
		{E6DEC223-D998-4337-B8F9-BF6B629AE011}.Release|Any CPU.Build.0 = Release|Any CPU
		{DEA7B3F4-01D6-417A-9595-30F82173A90A}.Debug|Any CPU.ActiveCfg = Debug|Any CPU
		{DEA7B3F4-01D6-417A-9595-30F82173A90A}.Debug|Any CPU.Build.0 = Debug|Any CPU
		{DEA7B3F4-01D6-417A-9595-30F82173A90A}.Release|Any CPU.ActiveCfg = Release|Any CPU
		{DEA7B3F4-01D6-417A-9595-30F82173A90A}.Release|Any CPU.Build.0 = Release|Any CPU
		{1A0284BD-3FC0-412A-AFF1-BD977F4D6DAF}.Debug|Any CPU.ActiveCfg = Debug|Any CPU
		{1A0284BD-3FC0-412A-AFF1-BD977F4D6DAF}.Debug|Any CPU.Build.0 = Debug|Any CPU
		{1A0284BD-3FC0-412A-AFF1-BD977F4D6DAF}.Release|Any CPU.ActiveCfg = Release|Any CPU
		{1A0284BD-3FC0-412A-AFF1-BD977F4D6DAF}.Release|Any CPU.Build.0 = Release|Any CPU
		{BC5D27EB-4ADC-400D-9B76-5F547DF118E3}.Debug|Any CPU.ActiveCfg = Debug|Any CPU
		{BC5D27EB-4ADC-400D-9B76-5F547DF118E3}.Debug|Any CPU.Build.0 = Debug|Any CPU
		{BC5D27EB-4ADC-400D-9B76-5F547DF118E3}.Release|Any CPU.ActiveCfg = Release|Any CPU
		{BC5D27EB-4ADC-400D-9B76-5F547DF118E3}.Release|Any CPU.Build.0 = Release|Any CPU
	EndGlobalSection
	GlobalSection(SolutionProperties) = preSolution
		HideSolutionNode = FALSE
	EndGlobalSection
	GlobalSection(NestedProjects) = preSolution
		{9B445B7B-0BB6-4F2A-ACAD-1EEF8A570A5B} = {523D0650-4934-40EA-A16D-5918F13889B1}
		{A693257E-5859-40BF-BC47-6DD73E51882D} = {523D0650-4934-40EA-A16D-5918F13889B1}
		{DD023766-3049-4659-93AE-247A425396A1} = {523D0650-4934-40EA-A16D-5918F13889B1}
		{268E17E3-EBE3-42F5-87B0-C4196F23356E} = {523D0650-4934-40EA-A16D-5918F13889B1}
		{1FA4C39C-E07B-4576-80DA-B1E427FAA7F9} = {9B445B7B-0BB6-4F2A-ACAD-1EEF8A570A5B}
		{49CA812B-A6B5-4337-8013-69F00B319278} = {1FA4C39C-E07B-4576-80DA-B1E427FAA7F9}
		{AFBB3018-C326-423C-BF58-81DEAAB35B6D} = {A693257E-5859-40BF-BC47-6DD73E51882D}
		{8536842C-44ED-4E47-A843-DF06E3F2FB13} = {AFBB3018-C326-423C-BF58-81DEAAB35B6D}
		{F2FB5313-2601-4837-A7E2-0067C36A512F} = {AFBB3018-C326-423C-BF58-81DEAAB35B6D}
		{7B878821-5317-4D0D-8A06-E122A542FB96} = {AFBB3018-C326-423C-BF58-81DEAAB35B6D}
		{4CB2B676-A043-420C-BC7A-1958AE634E83} = {AFBB3018-C326-423C-BF58-81DEAAB35B6D}
		{32728161-84A0-49B5-A5DB-9F0A3C0B5DC0} = {DD023766-3049-4659-93AE-247A425396A1}
		{22DCF27E-8854-4FD3-B48A-A2C35D7E9D12} = {32728161-84A0-49B5-A5DB-9F0A3C0B5DC0}
		{FE685110-DE6F-4347-8865-5B5F52EE229F} = {DD023766-3049-4659-93AE-247A425396A1}
		{675C4B8A-01A7-4A70-B88B-68A7D617398B} = {DD023766-3049-4659-93AE-247A425396A1}
		{6584DB38-6FB8-4F45-8742-C3A35EA08085} = {DD023766-3049-4659-93AE-247A425396A1}
		{B9880EDB-26CE-42CE-97F9-16684DA0FF80} = {FE685110-DE6F-4347-8865-5B5F52EE229F}
		{3F97E058-02EB-4F6B-9549-20B40837E425} = {675C4B8A-01A7-4A70-B88B-68A7D617398B}
		{87C19780-8598-480E-B4CC-AA68E93E367B} = {6584DB38-6FB8-4F45-8742-C3A35EA08085}
		{2942688D-5F91-44E1-8730-2C30C45EBA0C} = {DD023766-3049-4659-93AE-247A425396A1}
		{0D839E06-D482-420C-98A5-8CC2167C9075} = {2942688D-5F91-44E1-8730-2C30C45EBA0C}
		{6FBF88C7-A93A-4AA3-A380-34F8BBC74E5D} = {2942688D-5F91-44E1-8730-2C30C45EBA0C}
		{7CEB84B4-10DF-44F0-8FA0-56ED0DDDB11E} = {2942688D-5F91-44E1-8730-2C30C45EBA0C}
		{E6DEC223-D998-4337-B8F9-BF6B629AE011} = {2942688D-5F91-44E1-8730-2C30C45EBA0C}
		{A2B91846-AD60-4CA3-9FFB-E449CADB2D41} = {DD023766-3049-4659-93AE-247A425396A1}
		{DEA7B3F4-01D6-417A-9595-30F82173A90A} = {A2B91846-AD60-4CA3-9FFB-E449CADB2D41}
		{E1591FD8-B0A6-4E29-903E-AC83CA849117} = {268E17E3-EBE3-42F5-87B0-C4196F23356E}
		{1A0284BD-3FC0-412A-AFF1-BD977F4D6DAF} = {E1591FD8-B0A6-4E29-903E-AC83CA849117}
		{D57DEAFA-94E0-43FA-88B8-798A953A9410} = {D0E4AF05-32DD-4BF9-AE2A-0FEDCAE4E9EA}
		{BC5D27EB-4ADC-400D-9B76-5F547DF118E3} = {D57DEAFA-94E0-43FA-88B8-798A953A9410}
	EndGlobalSection
	GlobalSection(ExtensibilityGlobals) = postSolution
		SolutionGuid = {1C432958-185F-4959-8871-BC5EE5A7C874}
	EndGlobalSection
EndGlobal
